<?xml version="1.0" encoding="utf-8"?>
<Project ToolsVersion="4.0" xmlns="http://schemas.microsoft.com/developer/msbuild/2003">
  <ItemGroup>
    <ClCompile Include="ControlHandle.cpp">
      <Filter>Source Files</Filter>
    </ClCompile>
    <ClCompile Include="DisplayServer.cpp">
      <Filter>Source Files</Filter>
    </ClCompile>
    <ClCompile Include="Global.cpp">
      <Filter>Source Files</Filter>
    </ClCompile>
    <ClCompile Include="IME.cpp">
      <Filter>Source Files</Filter>
    </ClCompile>
    <ClCompile Include="ImmController.cpp">
      <Filter>Source Files</Filter>
    </ClCompile>
    <ClCompile Include="ImmModel.cpp">
      <Filter>Source Files</Filter>
    </ClCompile>
    <ClCompile Include="NotifyHandle.cpp">
      <Filter>Source Files</Filter>
    </ClCompile>
    <ClCompile Include="OVIME.cpp">
      <Filter>Source Files</Filter>
    </ClCompile>
    <ClCompile Include="ReloadIMECallback.cpp">
      <Filter>Source Files</Filter>
    </ClCompile>
    <ClCompile Include="UIWnd.cpp">
      <Filter>Source Files</Filter>
    </ClCompile>
    <ClCompile Include="Utils.cpp">
      <Filter>Source Files</Filter>
    </ClCompile>
  </ItemGroup>
  <ItemGroup>
    <ClInclude Include="DisplayServer.h">
      <Filter>Header Files</Filter>
    </ClInclude>
    <ClInclude Include="..\..\..\Modules\SharedHeaders\OVCandidateList.h">
      <Filter>Header Files</Filter>
    </ClInclude>
    <ClInclude Include="ExtraStructs.h">
      <Filter>Header Files</Filter>
    </ClInclude>
    <ClInclude Include="ImmController.h">
      <Filter>Header Files</Filter>
    </ClInclude>
    <ClInclude Include="immdev.h">
      <Filter>Header Files</Filter>
    </ClInclude>
    <ClInclude Include="ImmModel.h">
      <Filter>Header Files</Filter>
    </ClInclude>
    <ClInclude Include="..\..\..\dependencies\ltdl.h">
      <Filter>Header Files</Filter>
    </ClInclude>
    <ClInclude Include="..\..\..\Framework\Headers\OpenVanilla.h">
      <Filter>Header Files</Filter>
    </ClInclude>
    <ClInclude Include="OVIME.h">
      <Filter>Header Files</Filter>
    </ClInclude>
    <ClInclude Include="..\..\..\Framework\Headers\OVLibrary.h">
      <Filter>Header Files</Filter>
    </ClInclude>
    <ClInclude Include="Vk.h">
      <Filter>Header Files</Filter>
    </ClInclude>
    <ClInclude Include="..\..\..\Framework\Headers\OVUtility.h">
      <Filter>Header Files</Filter>
    </ClInclude>
    <ClInclude Include="resource.h">
      <Filter>Header Files</Filter>
    </ClInclude>
    <ClInclude Include="resource1.h">
      <Filter>Header Files</Filter>
    </ClInclude>
  </ItemGroup>
  <ItemGroup>
    <None Include="OVIME.ico">
      <Filter>Resource Files</Filter>
    </None>
    <None Include="OVIME.def" />
  </ItemGroup>
  <ItemGroup>
    <Filter Include="Source Files">
      <UniqueIdentifier>{b8e3033d-8597-4fd5-b3c8-d62fda84fb97}</UniqueIdentifier>
    </Filter>
    <Filter Include="Resource Files">
      <UniqueIdentifier>{4953ab31-06ae-4c21-b7a9-784425faac89}</UniqueIdentifier>
    </Filter>
    <Filter Include="Header Files">
      <UniqueIdentifier>{ec9c8800-c329-483b-b66d-eaec851b18d9}</UniqueIdentifier>
    </Filter>
  </ItemGroup>
  <ItemGroup>
    <ResourceCompile Include="OVIME.rc">
      <Filter>Resource Files</Filter>
    </ResourceCompile>
  </ItemGroup>
</Project>