Microsoft Visual Studio Solution File, Format Version 11.00
# Visual Studio 2010
Project("{8BC9CEB8-8B4A-11D0-8D11-00A0C91BC942}") = "OVIMRomanNew", "Modules\OVIMRomanNew\OVIMRomanNew.vcxproj", "{A5AF52BA-AEA5-4D62-8DED-73216D23FE31}"
EndProject
Project("{8BC9CEB8-8B4A-11D0-8D11-00A0C91BC942}") = "OVOFHanConvert", "Modules\OVOFHanConvert\OVOFHanConvert.vcxproj", "{575E02A0-8236-471D-AF56-9CB6D60B6C84}"
EndProject
Project("{8BC9CEB8-8B4A-11D0-8D11-00A0C91BC942}") = "OVOFFullWidthCharacter", "Modules\OVOFFullWidthCharacter\OVOFFullWidthCharacter.vcxproj", "{A12A02AF-F3F9-4CDF-851F-9555406C087E}"
EndProject
Project("{8BC9CEB8-8B4A-11D0-8D11-00A0C91BC942}") = "OVKPPhraseTools", "Modules\OVKPPhraseTools\OVKPPhraseTools.vcxproj", "{4049BA5E-E06B-48B2-A45C-3B4129DB1E4E}"
EndProject
Project("{8BC9CEB8-8B4A-11D0-8D11-00A0C91BC942}") = "OVIMGenericSQ", "Modules\OVIMGenericSQ\OVIMGenericSQ.vcxproj", "{63C6BFAB-6A98-4C30-ABFE-86E4D7756C0C}"
EndProject
Project("{8BC9CEB8-8B4A-11D0-8D11-00A0C91BC942}") = "OVIME", "Loaders\Win32\OVIME\OVIME.VC8.vcxproj", "{684B2F15-E8EE-4032-B4A3-89732F32C12D}"
	ProjectSection(ProjectDependencies) = postProject
		{E57C7D8A-31EC-4839-BBB1-91D54A0BEF3C} = {E57C7D8A-31EC-4839-BBB1-91D54A0BEF3C}
	EndProjectSection
EndProject
Project("{8BC9CEB8-8B4A-11D0-8D11-00A0C91BC942}") = "AmphiVanilla", "Loaders\Win32\AmphiVanilla\AmphiVanilla.VC8.vcxproj", "{21FC3D4F-8918-4C03-8881-EC6C54DB3504}"
EndProject
Project("{8BC9CEB8-8B4A-11D0-8D11-00A0C91BC942}") = "OVIMPhoneticStatic", "Modules\OVIMPhonetic\OVIMPhoneticStatic.vcxproj", "{D8D1A3C8-C327-4976-B9F2-DC3DCD1719F3}"
EndProject
Project("{8BC9CEB8-8B4A-11D0-8D11-00A0C91BC942}") = "OVIMEUI", "Loaders\Win32\OVIMEUI\OVIMEUI.VC8.vcxproj", "{E57C7D8A-31EC-4839-BBB1-91D54A0BEF3C}"
EndProject
Project("{FAE04EC0-301F-11D3-BF4B-00C04F79EFBC}") = "OVManagedUI", "Loaders\Win32\OVManagedUI\OVManagedUI.csproj", "{1610A612-3EC5-4FA8-8559-A7FE48802057}"
EndProject
Project("{2150E333-8FDC-42A3-9474-1A3956D46DE8}") = "Base Modules", "Base Modules", "{425A18D0-42BF-4FB1-80BE-53BE3C9BF4CB}"
EndProject
Project("{2150E333-8FDC-42A3-9474-1A3956D46DE8}") = "Helper Applications", "Helper Applications", "{D7AAEFEC-FE87-412F-8C3F-82BFD3721D1C}"
EndProject
Project("{8BC9CEB8-8B4A-11D0-8D11-00A0C91BC942}") = "OVIMArray", "Modules\OVIMArray\OVIMArray.vcxproj", "{6EA86154-8C37-4869-A2BA-08E1D6BF09EB}"
EndProject
Project("{FAE04EC0-301F-11D3-BF4B-00C04F79EFBC}") = "GacUtil", "Utilities\GacUtil\GacUtil.csproj", "{5B57BD35-F14C-41AA-811C-5739873DEE7B}"
EndProject
Project("{8BC9CEB8-8B4A-11D0-8D11-00A0C91BC942}") = "OVOFReverseLookup", "Modules\OVOFReverseLookup\OVOFReverseLookup.vcxproj", "{575E02A0-8236-471D-AF56-9CB6D60B6C85}"
EndProject
Project("{8BC9CEB8-8B4A-11D0-8D11-00A0C91BC942}") = "OVIMUnicode", "Modules\OVIMUnicode\OVIMUnicode.vcxproj", "{0BBABDEB-B72F-40D0-9203-82A99DB2639D}"
EndProject
Project("{2150E333-8FDC-42A3-9474-1A3956D46DE8}") = "Loader", "Loader", "{FB2409AD-88BA-45B6-8219-89697F084B91}"
EndProject
Project("{2150E333-8FDC-42A3-9474-1A3956D46DE8}") = "Addtional Modules", "Addtional Modules", "{29EBF771-2A7F-4467-9304-491CC07D090F}"
EndProject
Project("{8BC9CEB8-8B4A-11D0-8D11-00A0C91BC942}") = "OVIMEsperanto", "Modules\OVIMEsperanto\OVIMEsperanto.vcxproj", "{6D922987-9977-4F51-8D8E-45F4DE440725}"
EndProject
Project("{FAE04EC0-301F-11D3-BF4B-00C04F79EFBC}") = "OVPreferences", "Loaders\Win32\OVPreferences\OVPreferences.csproj", "{12F0E7CB-21B0-4121-A934-334CFD4425A5}"
EndProject
Project("{8BC9CEB8-8B4A-11D0-8D11-00A0C91BC942}") = "OVIMPOJ", "Modules\OVIMPOJ\OVIMPOJ.vcxproj", "{62F31A5C-C77A-4B60-BF19-AF1875E0EE0E}"
EndProject
Project("{8BC9CEB8-8B4A-11D0-8D11-00A0C91BC942}") = "OVIMTibetan", "Modules\OVIMTibetan\OVIMTibetan.vcxproj", "{8AEFACCA-A663-44F9-A0B5-ED24A7989A79}"
EndProject
Project("{2150E333-8FDC-42A3-9474-1A3956D46DE8}") = "Depedencies", "Depedencies", "{8D2815C3-3969-4BF6-B38C-A290BAE0D291}"
EndProject
Project("{8BC9CEB8-8B4A-11D0-8D11-00A0C91BC942}") = "sqlite3", "Dependent\Sqlite\sqlite3_5_9.vcxproj", "{ECEBE891-D8AC-47ED-A9FA-5A62C385012C}"
EndProject
Project("{8BC9CEB8-8B4A-11D0-8D11-00A0C91BC942}") = "tinyxmlSTL", "Dependent\TinyXML\tinyxmlSTL.VC8.vcxproj", "{B2584669-D88A-4BC7-B638-C6937AFC823F}"
EndProject
Project("{8BC9CEB8-8B4A-11D0-8D11-00A0C91BC942}") = "libhunspell", "Dependent\hunspell\win_api\libhunspell.vcxproj", "{53609BB3-D874-465C-AF7B-DF626DB0D89B}"
EndProject
Project("{8BC9CEB8-8B4A-11D0-8D11-00A0C91BC942}") = "OVKPAssociatedPhrase", "Modules\OVKPAssociatedPhrase\OVKPAssociatedPhrase.vcxproj", "{E2B3FCD4-42F8-461C-AB7F-3AAB48A8AEF1}"
EndProject
Global
	GlobalSection(SolutionConfigurationPlatforms) = preSolution
		Debug_dll|Any CPU = Debug_dll|Any CPU
		Debug_dll|Mixed Platforms = Debug_dll|Mixed Platforms
		Debug_dll|Win32 = Debug_dll|Win32
		Debug_dll|x64 = Debug_dll|x64
		Debug|Any CPU = Debug|Any CPU
		Debug|Mixed Platforms = Debug|Mixed Platforms
		Debug|Win32 = Debug|Win32
		Debug|x64 = Debug|x64
		Release_dll|Any CPU = Release_dll|Any CPU
		Release_dll|Mixed Platforms = Release_dll|Mixed Platforms
		Release_dll|Win32 = Release_dll|Win32
		Release_dll|x64 = Release_dll|x64
		Release|Any CPU = Release|Any CPU
		Release|Mixed Platforms = Release|Mixed Platforms
		Release|Win32 = Release|Win32
		Release|x64 = Release|x64
	EndGlobalSection
	GlobalSection(ProjectConfigurationPlatforms) = postSolution
		{A5AF52BA-AEA5-4D62-8DED-73216D23FE31}.Debug_dll|Any CPU.ActiveCfg = Debug|x64
		{A5AF52BA-AEA5-4D62-8DED-73216D23FE31}.Debug_dll|Mixed Platforms.ActiveCfg = Debug|x64
		{A5AF52BA-AEA5-4D62-8DED-73216D23FE31}.Debug_dll|Mixed Platforms.Build.0 = Debug|x64
		{A5AF52BA-AEA5-4D62-8DED-73216D23FE31}.Debug_dll|Win32.ActiveCfg = Debug|x64
		{A5AF52BA-AEA5-4D62-8DED-73216D23FE31}.Debug_dll|x64.ActiveCfg = Debug|x64
		{A5AF52BA-AEA5-4D62-8DED-73216D23FE31}.Debug_dll|x64.Build.0 = Debug|x64
		{A5AF52BA-AEA5-4D62-8DED-73216D23FE31}.Debug|Any CPU.ActiveCfg = Debug|Win32
		{A5AF52BA-AEA5-4D62-8DED-73216D23FE31}.Debug|Mixed Platforms.ActiveCfg = Debug|Win32
		{A5AF52BA-AEA5-4D62-8DED-73216D23FE31}.Debug|Mixed Platforms.Build.0 = Debug|Win32
		{A5AF52BA-AEA5-4D62-8DED-73216D23FE31}.Debug|Win32.ActiveCfg = Debug|Win32
		{A5AF52BA-AEA5-4D62-8DED-73216D23FE31}.Debug|Win32.Build.0 = Debug|Win32
		{A5AF52BA-AEA5-4D62-8DED-73216D23FE31}.Debug|x64.ActiveCfg = Debug|x64
		{A5AF52BA-AEA5-4D62-8DED-73216D23FE31}.Debug|x64.Build.0 = Debug|x64
		{A5AF52BA-AEA5-4D62-8DED-73216D23FE31}.Release_dll|Any CPU.ActiveCfg = Release|x64
		{A5AF52BA-AEA5-4D62-8DED-73216D23FE31}.Release_dll|Mixed Platforms.ActiveCfg = Release|x64
		{A5AF52BA-AEA5-4D62-8DED-73216D23FE31}.Release_dll|Mixed Platforms.Build.0 = Release|x64
		{A5AF52BA-AEA5-4D62-8DED-73216D23FE31}.Release_dll|Win32.ActiveCfg = Release|x64
		{A5AF52BA-AEA5-4D62-8DED-73216D23FE31}.Release_dll|x64.ActiveCfg = Release|x64
		{A5AF52BA-AEA5-4D62-8DED-73216D23FE31}.Release_dll|x64.Build.0 = Release|x64
		{A5AF52BA-AEA5-4D62-8DED-73216D23FE31}.Release|Any CPU.ActiveCfg = Release|Win32
		{A5AF52BA-AEA5-4D62-8DED-73216D23FE31}.Release|Mixed Platforms.ActiveCfg = Release|Win32
		{A5AF52BA-AEA5-4D62-8DED-73216D23FE31}.Release|Mixed Platforms.Build.0 = Release|Win32
		{A5AF52BA-AEA5-4D62-8DED-73216D23FE31}.Release|Win32.ActiveCfg = Release|Win32
		{A5AF52BA-AEA5-4D62-8DED-73216D23FE31}.Release|Win32.Build.0 = Release|Win32
		{A5AF52BA-AEA5-4D62-8DED-73216D23FE31}.Release|x64.ActiveCfg = Release|x64
		{A5AF52BA-AEA5-4D62-8DED-73216D23FE31}.Release|x64.Build.0 = Release|x64
		{575E02A0-8236-471D-AF56-9CB6D60B6C84}.Debug_dll|Any CPU.ActiveCfg = Debug|x64
		{575E02A0-8236-471D-AF56-9CB6D60B6C84}.Debug_dll|Mixed Platforms.ActiveCfg = Debug|x64
		{575E02A0-8236-471D-AF56-9CB6D60B6C84}.Debug_dll|Mixed Platforms.Build.0 = Debug|x64
		{575E02A0-8236-471D-AF56-9CB6D60B6C84}.Debug_dll|Win32.ActiveCfg = Debug|x64
		{575E02A0-8236-471D-AF56-9CB6D60B6C84}.Debug_dll|x64.ActiveCfg = Debug|x64
		{575E02A0-8236-471D-AF56-9CB6D60B6C84}.Debug_dll|x64.Build.0 = Debug|x64
		{575E02A0-8236-471D-AF56-9CB6D60B6C84}.Debug|Any CPU.ActiveCfg = Debug|Win32
		{575E02A0-8236-471D-AF56-9CB6D60B6C84}.Debug|Mixed Platforms.ActiveCfg = Debug|Win32
		{575E02A0-8236-471D-AF56-9CB6D60B6C84}.Debug|Mixed Platforms.Build.0 = Debug|Win32
		{575E02A0-8236-471D-AF56-9CB6D60B6C84}.Debug|Win32.ActiveCfg = Debug|Win32
		{575E02A0-8236-471D-AF56-9CB6D60B6C84}.Debug|Win32.Build.0 = Debug|Win32
		{575E02A0-8236-471D-AF56-9CB6D60B6C84}.Debug|x64.ActiveCfg = Debug|x64
		{575E02A0-8236-471D-AF56-9CB6D60B6C84}.Debug|x64.Build.0 = Debug|x64
		{575E02A0-8236-471D-AF56-9CB6D60B6C84}.Release_dll|Any CPU.ActiveCfg = Release|x64
		{575E02A0-8236-471D-AF56-9CB6D60B6C84}.Release_dll|Mixed Platforms.ActiveCfg = Release|x64
		{575E02A0-8236-471D-AF56-9CB6D60B6C84}.Release_dll|Mixed Platforms.Build.0 = Release|x64
		{575E02A0-8236-471D-AF56-9CB6D60B6C84}.Release_dll|Win32.ActiveCfg = Release|x64
		{575E02A0-8236-471D-AF56-9CB6D60B6C84}.Release_dll|x64.ActiveCfg = Release|x64
		{575E02A0-8236-471D-AF56-9CB6D60B6C84}.Release_dll|x64.Build.0 = Release|x64
		{575E02A0-8236-471D-AF56-9CB6D60B6C84}.Release|Any CPU.ActiveCfg = Release|Win32
		{575E02A0-8236-471D-AF56-9CB6D60B6C84}.Release|Mixed Platforms.ActiveCfg = Release|Win32
		{575E02A0-8236-471D-AF56-9CB6D60B6C84}.Release|Mixed Platforms.Build.0 = Release|Win32
		{575E02A0-8236-471D-AF56-9CB6D60B6C84}.Release|Win32.ActiveCfg = Release|Win32
		{575E02A0-8236-471D-AF56-9CB6D60B6C84}.Release|Win32.Build.0 = Release|Win32
		{575E02A0-8236-471D-AF56-9CB6D60B6C84}.Release|x64.ActiveCfg = Release|x64
		{575E02A0-8236-471D-AF56-9CB6D60B6C84}.Release|x64.Build.0 = Release|x64
		{A12A02AF-F3F9-4CDF-851F-9555406C087E}.Debug_dll|Any CPU.ActiveCfg = Debug|x64
		{A12A02AF-F3F9-4CDF-851F-9555406C087E}.Debug_dll|Mixed Platforms.ActiveCfg = Debug|x64
		{A12A02AF-F3F9-4CDF-851F-9555406C087E}.Debug_dll|Mixed Platforms.Build.0 = Debug|x64
		{A12A02AF-F3F9-4CDF-851F-9555406C087E}.Debug_dll|Win32.ActiveCfg = Debug|x64
		{A12A02AF-F3F9-4CDF-851F-9555406C087E}.Debug_dll|x64.ActiveCfg = Debug|x64
		{A12A02AF-F3F9-4CDF-851F-9555406C087E}.Debug_dll|x64.Build.0 = Debug|x64
		{A12A02AF-F3F9-4CDF-851F-9555406C087E}.Debug|Any CPU.ActiveCfg = Debug|Win32
		{A12A02AF-F3F9-4CDF-851F-9555406C087E}.Debug|Mixed Platforms.ActiveCfg = Debug|Win32
		{A12A02AF-F3F9-4CDF-851F-9555406C087E}.Debug|Mixed Platforms.Build.0 = Debug|Win32
		{A12A02AF-F3F9-4CDF-851F-9555406C087E}.Debug|Win32.ActiveCfg = Debug|Win32
		{A12A02AF-F3F9-4CDF-851F-9555406C087E}.Debug|Win32.Build.0 = Debug|Win32
		{A12A02AF-F3F9-4CDF-851F-9555406C087E}.Debug|x64.ActiveCfg = Debug|x64
		{A12A02AF-F3F9-4CDF-851F-9555406C087E}.Debug|x64.Build.0 = Debug|x64
		{A12A02AF-F3F9-4CDF-851F-9555406C087E}.Release_dll|Any CPU.ActiveCfg = Release|x64
		{A12A02AF-F3F9-4CDF-851F-9555406C087E}.Release_dll|Mixed Platforms.ActiveCfg = Release|x64
		{A12A02AF-F3F9-4CDF-851F-9555406C087E}.Release_dll|Mixed Platforms.Build.0 = Release|x64
		{A12A02AF-F3F9-4CDF-851F-9555406C087E}.Release_dll|Win32.ActiveCfg = Release|x64
		{A12A02AF-F3F9-4CDF-851F-9555406C087E}.Release_dll|x64.ActiveCfg = Release|x64
		{A12A02AF-F3F9-4CDF-851F-9555406C087E}.Release_dll|x64.Build.0 = Release|x64
		{A12A02AF-F3F9-4CDF-851F-9555406C087E}.Release|Any CPU.ActiveCfg = Release|Win32
		{A12A02AF-F3F9-4CDF-851F-9555406C087E}.Release|Mixed Platforms.ActiveCfg = Release|Win32
		{A12A02AF-F3F9-4CDF-851F-9555406C087E}.Release|Mixed Platforms.Build.0 = Release|Win32
		{A12A02AF-F3F9-4CDF-851F-9555406C087E}.Release|Win32.ActiveCfg = Release|Win32
		{A12A02AF-F3F9-4CDF-851F-9555406C087E}.Release|Win32.Build.0 = Release|Win32
		{A12A02AF-F3F9-4CDF-851F-9555406C087E}.Release|x64.ActiveCfg = Release|x64
		{A12A02AF-F3F9-4CDF-851F-9555406C087E}.Release|x64.Build.0 = Release|x64
		{4049BA5E-E06B-48B2-A45C-3B4129DB1E4E}.Debug_dll|Any CPU.ActiveCfg = Debug|x64
		{4049BA5E-E06B-48B2-A45C-3B4129DB1E4E}.Debug_dll|Mixed Platforms.ActiveCfg = Debug|x64
		{4049BA5E-E06B-48B2-A45C-3B4129DB1E4E}.Debug_dll|Mixed Platforms.Build.0 = Debug|x64
		{4049BA5E-E06B-48B2-A45C-3B4129DB1E4E}.Debug_dll|Win32.ActiveCfg = Debug|x64
		{4049BA5E-E06B-48B2-A45C-3B4129DB1E4E}.Debug_dll|x64.ActiveCfg = Debug|x64
		{4049BA5E-E06B-48B2-A45C-3B4129DB1E4E}.Debug_dll|x64.Build.0 = Debug|x64
		{4049BA5E-E06B-48B2-A45C-3B4129DB1E4E}.Debug|Any CPU.ActiveCfg = Debug|Win32
		{4049BA5E-E06B-48B2-A45C-3B4129DB1E4E}.Debug|Mixed Platforms.ActiveCfg = Debug|Win32
		{4049BA5E-E06B-48B2-A45C-3B4129DB1E4E}.Debug|Mixed Platforms.Build.0 = Debug|Win32
		{4049BA5E-E06B-48B2-A45C-3B4129DB1E4E}.Debug|Win32.ActiveCfg = Debug|Win32
		{4049BA5E-E06B-48B2-A45C-3B4129DB1E4E}.Debug|Win32.Build.0 = Debug|Win32
		{4049BA5E-E06B-48B2-A45C-3B4129DB1E4E}.Debug|x64.ActiveCfg = Debug|x64
		{4049BA5E-E06B-48B2-A45C-3B4129DB1E4E}.Debug|x64.Build.0 = Debug|x64
		{4049BA5E-E06B-48B2-A45C-3B4129DB1E4E}.Release_dll|Any CPU.ActiveCfg = Release|x64
		{4049BA5E-E06B-48B2-A45C-3B4129DB1E4E}.Release_dll|Mixed Platforms.ActiveCfg = Release|x64
		{4049BA5E-E06B-48B2-A45C-3B4129DB1E4E}.Release_dll|Mixed Platforms.Build.0 = Release|x64
		{4049BA5E-E06B-48B2-A45C-3B4129DB1E4E}.Release_dll|Win32.ActiveCfg = Release|x64
		{4049BA5E-E06B-48B2-A45C-3B4129DB1E4E}.Release_dll|x64.ActiveCfg = Release|x64
		{4049BA5E-E06B-48B2-A45C-3B4129DB1E4E}.Release_dll|x64.Build.0 = Release|x64
		{4049BA5E-E06B-48B2-A45C-3B4129DB1E4E}.Release|Any CPU.ActiveCfg = Release|Win32
		{4049BA5E-E06B-48B2-A45C-3B4129DB1E4E}.Release|Mixed Platforms.ActiveCfg = Release|Win32
		{4049BA5E-E06B-48B2-A45C-3B4129DB1E4E}.Release|Mixed Platforms.Build.0 = Release|Win32
		{4049BA5E-E06B-48B2-A45C-3B4129DB1E4E}.Release|Win32.ActiveCfg = Release|Win32
		{4049BA5E-E06B-48B2-A45C-3B4129DB1E4E}.Release|Win32.Build.0 = Release|Win32
		{4049BA5E-E06B-48B2-A45C-3B4129DB1E4E}.Release|x64.ActiveCfg = Release|x64
		{4049BA5E-E06B-48B2-A45C-3B4129DB1E4E}.Release|x64.Build.0 = Release|x64
		{63C6BFAB-6A98-4C30-ABFE-86E4D7756C0C}.Debug_dll|Any CPU.ActiveCfg = Debug|x64
		{63C6BFAB-6A98-4C30-ABFE-86E4D7756C0C}.Debug_dll|Mixed Platforms.ActiveCfg = Debug|x64
		{63C6BFAB-6A98-4C30-ABFE-86E4D7756C0C}.Debug_dll|Mixed Platforms.Build.0 = Debug|x64
		{63C6BFAB-6A98-4C30-ABFE-86E4D7756C0C}.Debug_dll|Win32.ActiveCfg = Debug|x64
		{63C6BFAB-6A98-4C30-ABFE-86E4D7756C0C}.Debug_dll|x64.ActiveCfg = Debug|x64
		{63C6BFAB-6A98-4C30-ABFE-86E4D7756C0C}.Debug_dll|x64.Build.0 = Debug|x64
		{63C6BFAB-6A98-4C30-ABFE-86E4D7756C0C}.Debug|Any CPU.ActiveCfg = Debug|Win32
		{63C6BFAB-6A98-4C30-ABFE-86E4D7756C0C}.Debug|Mixed Platforms.ActiveCfg = Debug|Win32
		{63C6BFAB-6A98-4C30-ABFE-86E4D7756C0C}.Debug|Mixed Platforms.Build.0 = Debug|Win32
		{63C6BFAB-6A98-4C30-ABFE-86E4D7756C0C}.Debug|Win32.ActiveCfg = Debug|Win32
		{63C6BFAB-6A98-4C30-ABFE-86E4D7756C0C}.Debug|Win32.Build.0 = Debug|Win32
		{63C6BFAB-6A98-4C30-ABFE-86E4D7756C0C}.Debug|x64.ActiveCfg = Debug|x64
		{63C6BFAB-6A98-4C30-ABFE-86E4D7756C0C}.Debug|x64.Build.0 = Debug|x64
		{63C6BFAB-6A98-4C30-ABFE-86E4D7756C0C}.Release_dll|Any CPU.ActiveCfg = Release|x64
		{63C6BFAB-6A98-4C30-ABFE-86E4D7756C0C}.Release_dll|Mixed Platforms.ActiveCfg = Release|x64
		{63C6BFAB-6A98-4C30-ABFE-86E4D7756C0C}.Release_dll|Mixed Platforms.Build.0 = Release|x64
		{63C6BFAB-6A98-4C30-ABFE-86E4D7756C0C}.Release_dll|Win32.ActiveCfg = Release|x64
		{63C6BFAB-6A98-4C30-ABFE-86E4D7756C0C}.Release_dll|x64.ActiveCfg = Release|x64
		{63C6BFAB-6A98-4C30-ABFE-86E4D7756C0C}.Release_dll|x64.Build.0 = Release|x64
		{63C6BFAB-6A98-4C30-ABFE-86E4D7756C0C}.Release|Any CPU.ActiveCfg = Release|Win32
		{63C6BFAB-6A98-4C30-ABFE-86E4D7756C0C}.Release|Mixed Platforms.ActiveCfg = Release|Win32
		{63C6BFAB-6A98-4C30-ABFE-86E4D7756C0C}.Release|Mixed Platforms.Build.0 = Release|Win32
		{63C6BFAB-6A98-4C30-ABFE-86E4D7756C0C}.Release|Win32.ActiveCfg = Release|Win32
		{63C6BFAB-6A98-4C30-ABFE-86E4D7756C0C}.Release|Win32.Build.0 = Release|Win32
		{63C6BFAB-6A98-4C30-ABFE-86E4D7756C0C}.Release|x64.ActiveCfg = Release|x64
		{63C6BFAB-6A98-4C30-ABFE-86E4D7756C0C}.Release|x64.Build.0 = Release|x64
		{684B2F15-E8EE-4032-B4A3-89732F32C12D}.Debug_dll|Any CPU.ActiveCfg = Debug|x64
		{684B2F15-E8EE-4032-B4A3-89732F32C12D}.Debug_dll|Mixed Platforms.ActiveCfg = Debug|x64
		{684B2F15-E8EE-4032-B4A3-89732F32C12D}.Debug_dll|Mixed Platforms.Build.0 = Debug|x64
		{684B2F15-E8EE-4032-B4A3-89732F32C12D}.Debug_dll|Win32.ActiveCfg = Debug|x64
		{684B2F15-E8EE-4032-B4A3-89732F32C12D}.Debug_dll|x64.ActiveCfg = Debug|x64
		{684B2F15-E8EE-4032-B4A3-89732F32C12D}.Debug_dll|x64.Build.0 = Debug|x64
		{684B2F15-E8EE-4032-B4A3-89732F32C12D}.Debug|Any CPU.ActiveCfg = Debug|Win32
		{684B2F15-E8EE-4032-B4A3-89732F32C12D}.Debug|Mixed Platforms.ActiveCfg = Debug|Win32
		{684B2F15-E8EE-4032-B4A3-89732F32C12D}.Debug|Mixed Platforms.Build.0 = Debug|Win32
		{684B2F15-E8EE-4032-B4A3-89732F32C12D}.Debug|Win32.ActiveCfg = Debug|Win32
		{684B2F15-E8EE-4032-B4A3-89732F32C12D}.Debug|Win32.Build.0 = Debug|Win32
		{684B2F15-E8EE-4032-B4A3-89732F32C12D}.Debug|x64.ActiveCfg = Debug|x64
		{684B2F15-E8EE-4032-B4A3-89732F32C12D}.Debug|x64.Build.0 = Debug|x64
		{684B2F15-E8EE-4032-B4A3-89732F32C12D}.Release_dll|Any CPU.ActiveCfg = Release|x64
		{684B2F15-E8EE-4032-B4A3-89732F32C12D}.Release_dll|Mixed Platforms.ActiveCfg = Release|x64
		{684B2F15-E8EE-4032-B4A3-89732F32C12D}.Release_dll|Mixed Platforms.Build.0 = Release|x64
		{684B2F15-E8EE-4032-B4A3-89732F32C12D}.Release_dll|Win32.ActiveCfg = Release|x64
		{684B2F15-E8EE-4032-B4A3-89732F32C12D}.Release_dll|x64.ActiveCfg = Release|x64
		{684B2F15-E8EE-4032-B4A3-89732F32C12D}.Release_dll|x64.Build.0 = Release|x64
		{684B2F15-E8EE-4032-B4A3-89732F32C12D}.Release|Any CPU.ActiveCfg = Release|Win32
		{684B2F15-E8EE-4032-B4A3-89732F32C12D}.Release|Mixed Platforms.ActiveCfg = Release|Win32
		{684B2F15-E8EE-4032-B4A3-89732F32C12D}.Release|Mixed Platforms.Build.0 = Release|Win32
		{684B2F15-E8EE-4032-B4A3-89732F32C12D}.Release|Win32.ActiveCfg = Release|Win32
		{684B2F15-E8EE-4032-B4A3-89732F32C12D}.Release|Win32.Build.0 = Release|Win32
		{684B2F15-E8EE-4032-B4A3-89732F32C12D}.Release|x64.ActiveCfg = Release|x64
		{684B2F15-E8EE-4032-B4A3-89732F32C12D}.Release|x64.Build.0 = Release|x64
		{21FC3D4F-8918-4C03-8881-EC6C54DB3504}.Debug_dll|Any CPU.ActiveCfg = Debug|x64
		{21FC3D4F-8918-4C03-8881-EC6C54DB3504}.Debug_dll|Mixed Platforms.ActiveCfg = Debug|x64
		{21FC3D4F-8918-4C03-8881-EC6C54DB3504}.Debug_dll|Mixed Platforms.Build.0 = Debug|x64
		{21FC3D4F-8918-4C03-8881-EC6C54DB3504}.Debug_dll|Win32.ActiveCfg = Debug|x64
		{21FC3D4F-8918-4C03-8881-EC6C54DB3504}.Debug_dll|x64.ActiveCfg = Debug|x64
		{21FC3D4F-8918-4C03-8881-EC6C54DB3504}.Debug_dll|x64.Build.0 = Debug|x64
		{21FC3D4F-8918-4C03-8881-EC6C54DB3504}.Debug|Any CPU.ActiveCfg = Debug|Win32
		{21FC3D4F-8918-4C03-8881-EC6C54DB3504}.Debug|Mixed Platforms.ActiveCfg = Debug|Win32
		{21FC3D4F-8918-4C03-8881-EC6C54DB3504}.Debug|Mixed Platforms.Build.0 = Debug|Win32
		{21FC3D4F-8918-4C03-8881-EC6C54DB3504}.Debug|Win32.ActiveCfg = Debug|Win32
		{21FC3D4F-8918-4C03-8881-EC6C54DB3504}.Debug|Win32.Build.0 = Debug|Win32
		{21FC3D4F-8918-4C03-8881-EC6C54DB3504}.Debug|x64.ActiveCfg = Debug|x64
		{21FC3D4F-8918-4C03-8881-EC6C54DB3504}.Debug|x64.Build.0 = Debug|x64
		{21FC3D4F-8918-4C03-8881-EC6C54DB3504}.Release_dll|Any CPU.ActiveCfg = Release|x64
		{21FC3D4F-8918-4C03-8881-EC6C54DB3504}.Release_dll|Mixed Platforms.ActiveCfg = Release|x64
		{21FC3D4F-8918-4C03-8881-EC6C54DB3504}.Release_dll|Mixed Platforms.Build.0 = Release|x64
		{21FC3D4F-8918-4C03-8881-EC6C54DB3504}.Release_dll|Win32.ActiveCfg = Release|x64
		{21FC3D4F-8918-4C03-8881-EC6C54DB3504}.Release_dll|x64.ActiveCfg = Release|x64
		{21FC3D4F-8918-4C03-8881-EC6C54DB3504}.Release_dll|x64.Build.0 = Release|x64
		{21FC3D4F-8918-4C03-8881-EC6C54DB3504}.Release|Any CPU.ActiveCfg = Release|Win32
		{21FC3D4F-8918-4C03-8881-EC6C54DB3504}.Release|Mixed Platforms.ActiveCfg = Release|Win32
		{21FC3D4F-8918-4C03-8881-EC6C54DB3504}.Release|Mixed Platforms.Build.0 = Release|Win32
		{21FC3D4F-8918-4C03-8881-EC6C54DB3504}.Release|Win32.ActiveCfg = Release|Win32
		{21FC3D4F-8918-4C03-8881-EC6C54DB3504}.Release|Win32.Build.0 = Release|Win32
		{21FC3D4F-8918-4C03-8881-EC6C54DB3504}.Release|x64.ActiveCfg = Release|x64
		{21FC3D4F-8918-4C03-8881-EC6C54DB3504}.Release|x64.Build.0 = Release|x64
		{D8D1A3C8-C327-4976-B9F2-DC3DCD1719F3}.Debug_dll|Any CPU.ActiveCfg = Debug|x64
		{D8D1A3C8-C327-4976-B9F2-DC3DCD1719F3}.Debug_dll|Mixed Platforms.ActiveCfg = Debug|x64
		{D8D1A3C8-C327-4976-B9F2-DC3DCD1719F3}.Debug_dll|Mixed Platforms.Build.0 = Debug|x64
		{D8D1A3C8-C327-4976-B9F2-DC3DCD1719F3}.Debug_dll|Win32.ActiveCfg = Debug|x64
		{D8D1A3C8-C327-4976-B9F2-DC3DCD1719F3}.Debug_dll|x64.ActiveCfg = Debug|x64
		{D8D1A3C8-C327-4976-B9F2-DC3DCD1719F3}.Debug_dll|x64.Build.0 = Debug|x64
		{D8D1A3C8-C327-4976-B9F2-DC3DCD1719F3}.Debug|Any CPU.ActiveCfg = Debug|Win32
		{D8D1A3C8-C327-4976-B9F2-DC3DCD1719F3}.Debug|Mixed Platforms.ActiveCfg = Debug|Win32
		{D8D1A3C8-C327-4976-B9F2-DC3DCD1719F3}.Debug|Mixed Platforms.Build.0 = Debug|Win32
		{D8D1A3C8-C327-4976-B9F2-DC3DCD1719F3}.Debug|Win32.ActiveCfg = Debug|Win32
		{D8D1A3C8-C327-4976-B9F2-DC3DCD1719F3}.Debug|Win32.Build.0 = Debug|Win32
		{D8D1A3C8-C327-4976-B9F2-DC3DCD1719F3}.Debug|x64.ActiveCfg = Debug|x64
		{D8D1A3C8-C327-4976-B9F2-DC3DCD1719F3}.Debug|x64.Build.0 = Debug|x64
		{D8D1A3C8-C327-4976-B9F2-DC3DCD1719F3}.Release_dll|Any CPU.ActiveCfg = Release|x64
		{D8D1A3C8-C327-4976-B9F2-DC3DCD1719F3}.Release_dll|Mixed Platforms.ActiveCfg = Release|x64
		{D8D1A3C8-C327-4976-B9F2-DC3DCD1719F3}.Release_dll|Mixed Platforms.Build.0 = Release|x64
		{D8D1A3C8-C327-4976-B9F2-DC3DCD1719F3}.Release_dll|Win32.ActiveCfg = Release|x64
		{D8D1A3C8-C327-4976-B9F2-DC3DCD1719F3}.Release_dll|x64.ActiveCfg = Release|x64
		{D8D1A3C8-C327-4976-B9F2-DC3DCD1719F3}.Release_dll|x64.Build.0 = Release|x64
		{D8D1A3C8-C327-4976-B9F2-DC3DCD1719F3}.Release|Any CPU.ActiveCfg = Release|Win32
		{D8D1A3C8-C327-4976-B9F2-DC3DCD1719F3}.Release|Mixed Platforms.ActiveCfg = Release|Win32
		{D8D1A3C8-C327-4976-B9F2-DC3DCD1719F3}.Release|Mixed Platforms.Build.0 = Release|Win32
		{D8D1A3C8-C327-4976-B9F2-DC3DCD1719F3}.Release|Win32.ActiveCfg = Release|Win32
		{D8D1A3C8-C327-4976-B9F2-DC3DCD1719F3}.Release|Win32.Build.0 = Release|Win32
		{D8D1A3C8-C327-4976-B9F2-DC3DCD1719F3}.Release|x64.ActiveCfg = Release|x64
		{D8D1A3C8-C327-4976-B9F2-DC3DCD1719F3}.Release|x64.Build.0 = Release|x64
		{E57C7D8A-31EC-4839-BBB1-91D54A0BEF3C}.Debug_dll|Any CPU.ActiveCfg = Debug|x64
		{E57C7D8A-31EC-4839-BBB1-91D54A0BEF3C}.Debug_dll|Mixed Platforms.ActiveCfg = Debug|x64
		{E57C7D8A-31EC-4839-BBB1-91D54A0BEF3C}.Debug_dll|Mixed Platforms.Build.0 = Debug|x64
		{E57C7D8A-31EC-4839-BBB1-91D54A0BEF3C}.Debug_dll|Win32.ActiveCfg = Debug|x64
		{E57C7D8A-31EC-4839-BBB1-91D54A0BEF3C}.Debug_dll|x64.ActiveCfg = Debug|x64
		{E57C7D8A-31EC-4839-BBB1-91D54A0BEF3C}.Debug_dll|x64.Build.0 = Debug|x64
		{E57C7D8A-31EC-4839-BBB1-91D54A0BEF3C}.Debug|Any CPU.ActiveCfg = Debug|x64
		{E57C7D8A-31EC-4839-BBB1-91D54A0BEF3C}.Debug|Mixed Platforms.ActiveCfg = Debug|x64
		{E57C7D8A-31EC-4839-BBB1-91D54A0BEF3C}.Debug|Mixed Platforms.Build.0 = Debug|x64
		{E57C7D8A-31EC-4839-BBB1-91D54A0BEF3C}.Debug|Win32.ActiveCfg = Debug|Win32
		{E57C7D8A-31EC-4839-BBB1-91D54A0BEF3C}.Debug|Win32.Build.0 = Debug|Win32
		{E57C7D8A-31EC-4839-BBB1-91D54A0BEF3C}.Debug|x64.ActiveCfg = Debug|x64
		{E57C7D8A-31EC-4839-BBB1-91D54A0BEF3C}.Debug|x64.Build.0 = Debug|x64
		{E57C7D8A-31EC-4839-BBB1-91D54A0BEF3C}.Release_dll|Any CPU.ActiveCfg = Release|x64
		{E57C7D8A-31EC-4839-BBB1-91D54A0BEF3C}.Release_dll|Mixed Platforms.ActiveCfg = Release|x64
		{E57C7D8A-31EC-4839-BBB1-91D54A0BEF3C}.Release_dll|Mixed Platforms.Build.0 = Release|x64
		{E57C7D8A-31EC-4839-BBB1-91D54A0BEF3C}.Release_dll|Win32.ActiveCfg = Release|x64
		{E57C7D8A-31EC-4839-BBB1-91D54A0BEF3C}.Release_dll|x64.ActiveCfg = Release|x64
		{E57C7D8A-31EC-4839-BBB1-91D54A0BEF3C}.Release_dll|x64.Build.0 = Release|x64
		{E57C7D8A-31EC-4839-BBB1-91D54A0BEF3C}.Release|Any CPU.ActiveCfg = Release|x64
		{E57C7D8A-31EC-4839-BBB1-91D54A0BEF3C}.Release|Mixed Platforms.ActiveCfg = Release|x64
		{E57C7D8A-31EC-4839-BBB1-91D54A0BEF3C}.Release|Mixed Platforms.Build.0 = Release|x64
		{E57C7D8A-31EC-4839-BBB1-91D54A0BEF3C}.Release|Win32.ActiveCfg = Release|Win32
		{E57C7D8A-31EC-4839-BBB1-91D54A0BEF3C}.Release|Win32.Build.0 = Release|Win32
		{E57C7D8A-31EC-4839-BBB1-91D54A0BEF3C}.Release|x64.ActiveCfg = Release|x64
		{E57C7D8A-31EC-4839-BBB1-91D54A0BEF3C}.Release|x64.Build.0 = Release|x64
		{1610A612-3EC5-4FA8-8559-A7FE48802057}.Debug_dll|Any CPU.ActiveCfg = Debug|Any CPU
		{1610A612-3EC5-4FA8-8559-A7FE48802057}.Debug_dll|Any CPU.Build.0 = Debug|Any CPU
		{1610A612-3EC5-4FA8-8559-A7FE48802057}.Debug_dll|Mixed Platforms.ActiveCfg = Debug|Any CPU
		{1610A612-3EC5-4FA8-8559-A7FE48802057}.Debug_dll|Mixed Platforms.Build.0 = Debug|Any CPU
		{1610A612-3EC5-4FA8-8559-A7FE48802057}.Debug_dll|Win32.ActiveCfg = Debug|Any CPU
		{1610A612-3EC5-4FA8-8559-A7FE48802057}.Debug_dll|x64.ActiveCfg = Debug|Any CPU
		{1610A612-3EC5-4FA8-8559-A7FE48802057}.Debug|Any CPU.ActiveCfg = Debug|Any CPU
		{1610A612-3EC5-4FA8-8559-A7FE48802057}.Debug|Any CPU.Build.0 = Debug|Any CPU
		{1610A612-3EC5-4FA8-8559-A7FE48802057}.Debug|Mixed Platforms.ActiveCfg = Debug|Any CPU
		{1610A612-3EC5-4FA8-8559-A7FE48802057}.Debug|Mixed Platforms.Build.0 = Debug|Any CPU
		{1610A612-3EC5-4FA8-8559-A7FE48802057}.Debug|Win32.ActiveCfg = Debug|Any CPU
		{1610A612-3EC5-4FA8-8559-A7FE48802057}.Debug|Win32.Build.0 = Debug|Any CPU
		{1610A612-3EC5-4FA8-8559-A7FE48802057}.Debug|x64.ActiveCfg = Debug|Any CPU
		{1610A612-3EC5-4FA8-8559-A7FE48802057}.Debug|x64.Build.0 = Debug|Any CPU
		{1610A612-3EC5-4FA8-8559-A7FE48802057}.Release_dll|Any CPU.ActiveCfg = Release|Any CPU
		{1610A612-3EC5-4FA8-8559-A7FE48802057}.Release_dll|Any CPU.Build.0 = Release|Any CPU
		{1610A612-3EC5-4FA8-8559-A7FE48802057}.Release_dll|Mixed Platforms.ActiveCfg = Release|Any CPU
		{1610A612-3EC5-4FA8-8559-A7FE48802057}.Release_dll|Mixed Platforms.Build.0 = Release|Any CPU
		{1610A612-3EC5-4FA8-8559-A7FE48802057}.Release_dll|Win32.ActiveCfg = Release|Any CPU
		{1610A612-3EC5-4FA8-8559-A7FE48802057}.Release_dll|x64.ActiveCfg = Release|Any CPU
		{1610A612-3EC5-4FA8-8559-A7FE48802057}.Release|Any CPU.ActiveCfg = Release|Any CPU
		{1610A612-3EC5-4FA8-8559-A7FE48802057}.Release|Any CPU.Build.0 = Release|Any CPU
		{1610A612-3EC5-4FA8-8559-A7FE48802057}.Release|Mixed Platforms.ActiveCfg = Release|Any CPU
		{1610A612-3EC5-4FA8-8559-A7FE48802057}.Release|Mixed Platforms.Build.0 = Release|Any CPU
		{1610A612-3EC5-4FA8-8559-A7FE48802057}.Release|Win32.ActiveCfg = Release|Any CPU
		{1610A612-3EC5-4FA8-8559-A7FE48802057}.Release|Win32.Build.0 = Release|Any CPU
		{1610A612-3EC5-4FA8-8559-A7FE48802057}.Release|x64.ActiveCfg = Release|Any CPU
		{1610A612-3EC5-4FA8-8559-A7FE48802057}.Release|x64.Build.0 = Release|Any CPU
		{6EA86154-8C37-4869-A2BA-08E1D6BF09EB}.Debug_dll|Any CPU.ActiveCfg = Debug|x64
		{6EA86154-8C37-4869-A2BA-08E1D6BF09EB}.Debug_dll|Mixed Platforms.ActiveCfg = Debug|x64
		{6EA86154-8C37-4869-A2BA-08E1D6BF09EB}.Debug_dll|Mixed Platforms.Build.0 = Debug|x64
		{6EA86154-8C37-4869-A2BA-08E1D6BF09EB}.Debug_dll|Win32.ActiveCfg = Debug|x64
		{6EA86154-8C37-4869-A2BA-08E1D6BF09EB}.Debug_dll|x64.ActiveCfg = Debug|x64
		{6EA86154-8C37-4869-A2BA-08E1D6BF09EB}.Debug_dll|x64.Build.0 = Debug|x64
		{6EA86154-8C37-4869-A2BA-08E1D6BF09EB}.Debug|Any CPU.ActiveCfg = Debug|x64
		{6EA86154-8C37-4869-A2BA-08E1D6BF09EB}.Debug|Mixed Platforms.ActiveCfg = Debug|x64
		{6EA86154-8C37-4869-A2BA-08E1D6BF09EB}.Debug|Mixed Platforms.Build.0 = Debug|x64
		{6EA86154-8C37-4869-A2BA-08E1D6BF09EB}.Debug|Win32.ActiveCfg = Debug|Win32
		{6EA86154-8C37-4869-A2BA-08E1D6BF09EB}.Debug|Win32.Build.0 = Debug|Win32
		{6EA86154-8C37-4869-A2BA-08E1D6BF09EB}.Debug|x64.ActiveCfg = Debug|x64
		{6EA86154-8C37-4869-A2BA-08E1D6BF09EB}.Debug|x64.Build.0 = Debug|x64
		{6EA86154-8C37-4869-A2BA-08E1D6BF09EB}.Release_dll|Any CPU.ActiveCfg = Release|x64
		{6EA86154-8C37-4869-A2BA-08E1D6BF09EB}.Release_dll|Mixed Platforms.ActiveCfg = Release|x64
		{6EA86154-8C37-4869-A2BA-08E1D6BF09EB}.Release_dll|Mixed Platforms.Build.0 = Release|x64
		{6EA86154-8C37-4869-A2BA-08E1D6BF09EB}.Release_dll|Win32.ActiveCfg = Release|x64
		{6EA86154-8C37-4869-A2BA-08E1D6BF09EB}.Release_dll|x64.ActiveCfg = Release|x64
		{6EA86154-8C37-4869-A2BA-08E1D6BF09EB}.Release_dll|x64.Build.0 = Release|x64
		{6EA86154-8C37-4869-A2BA-08E1D6BF09EB}.Release|Any CPU.ActiveCfg = Release|x64
		{6EA86154-8C37-4869-A2BA-08E1D6BF09EB}.Release|Mixed Platforms.ActiveCfg = Release|x64
		{6EA86154-8C37-4869-A2BA-08E1D6BF09EB}.Release|Mixed Platforms.Build.0 = Release|x64
		{6EA86154-8C37-4869-A2BA-08E1D6BF09EB}.Release|Win32.ActiveCfg = Release|Win32
		{6EA86154-8C37-4869-A2BA-08E1D6BF09EB}.Release|Win32.Build.0 = Release|Win32
		{6EA86154-8C37-4869-A2BA-08E1D6BF09EB}.Release|x64.ActiveCfg = Release|x64
		{6EA86154-8C37-4869-A2BA-08E1D6BF09EB}.Release|x64.Build.0 = Release|x64
		{5B57BD35-F14C-41AA-811C-5739873DEE7B}.Debug_dll|Any CPU.ActiveCfg = Debug|Any CPU
		{5B57BD35-F14C-41AA-811C-5739873DEE7B}.Debug_dll|Any CPU.Build.0 = Debug|Any CPU
		{5B57BD35-F14C-41AA-811C-5739873DEE7B}.Debug_dll|Mixed Platforms.ActiveCfg = Debug|Any CPU
		{5B57BD35-F14C-41AA-811C-5739873DEE7B}.Debug_dll|Mixed Platforms.Build.0 = Debug|Any CPU
		{5B57BD35-F14C-41AA-811C-5739873DEE7B}.Debug_dll|Win32.ActiveCfg = Debug|Any CPU
		{5B57BD35-F14C-41AA-811C-5739873DEE7B}.Debug_dll|x64.ActiveCfg = Debug|Any CPU
		{5B57BD35-F14C-41AA-811C-5739873DEE7B}.Debug|Any CPU.ActiveCfg = Debug|Any CPU
		{5B57BD35-F14C-41AA-811C-5739873DEE7B}.Debug|Any CPU.Build.0 = Debug|Any CPU
		{5B57BD35-F14C-41AA-811C-5739873DEE7B}.Debug|Mixed Platforms.ActiveCfg = Debug|Any CPU
		{5B57BD35-F14C-41AA-811C-5739873DEE7B}.Debug|Mixed Platforms.Build.0 = Debug|Any CPU
		{5B57BD35-F14C-41AA-811C-5739873DEE7B}.Debug|Win32.ActiveCfg = Debug|Any CPU
		{5B57BD35-F14C-41AA-811C-5739873DEE7B}.Debug|Win32.Build.0 = Debug|Any CPU
		{5B57BD35-F14C-41AA-811C-5739873DEE7B}.Debug|x64.ActiveCfg = Debug|Any CPU
		{5B57BD35-F14C-41AA-811C-5739873DEE7B}.Release_dll|Any CPU.ActiveCfg = Release|Any CPU
		{5B57BD35-F14C-41AA-811C-5739873DEE7B}.Release_dll|Any CPU.Build.0 = Release|Any CPU
		{5B57BD35-F14C-41AA-811C-5739873DEE7B}.Release_dll|Mixed Platforms.ActiveCfg = Release|Any CPU
		{5B57BD35-F14C-41AA-811C-5739873DEE7B}.Release_dll|Mixed Platforms.Build.0 = Release|Any CPU
		{5B57BD35-F14C-41AA-811C-5739873DEE7B}.Release_dll|Win32.ActiveCfg = Release|Any CPU
		{5B57BD35-F14C-41AA-811C-5739873DEE7B}.Release_dll|x64.ActiveCfg = Release|Any CPU
		{5B57BD35-F14C-41AA-811C-5739873DEE7B}.Release|Any CPU.ActiveCfg = Release|Any CPU
		{5B57BD35-F14C-41AA-811C-5739873DEE7B}.Release|Any CPU.Build.0 = Release|Any CPU
		{5B57BD35-F14C-41AA-811C-5739873DEE7B}.Release|Mixed Platforms.ActiveCfg = Release|Any CPU
		{5B57BD35-F14C-41AA-811C-5739873DEE7B}.Release|Mixed Platforms.Build.0 = Release|Any CPU
		{5B57BD35-F14C-41AA-811C-5739873DEE7B}.Release|Win32.ActiveCfg = Release|Any CPU
		{5B57BD35-F14C-41AA-811C-5739873DEE7B}.Release|Win32.Build.0 = Release|Any CPU
		{5B57BD35-F14C-41AA-811C-5739873DEE7B}.Release|x64.ActiveCfg = Release|Any CPU
		{5B57BD35-F14C-41AA-811C-5739873DEE7B}.Release|x64.Build.0 = Release|Any CPU
		{575E02A0-8236-471D-AF56-9CB6D60B6C85}.Debug_dll|Any CPU.ActiveCfg = Debug|x64
		{575E02A0-8236-471D-AF56-9CB6D60B6C85}.Debug_dll|Mixed Platforms.ActiveCfg = Debug|x64
		{575E02A0-8236-471D-AF56-9CB6D60B6C85}.Debug_dll|Mixed Platforms.Build.0 = Debug|x64
		{575E02A0-8236-471D-AF56-9CB6D60B6C85}.Debug_dll|Win32.ActiveCfg = Debug|x64
		{575E02A0-8236-471D-AF56-9CB6D60B6C85}.Debug_dll|x64.ActiveCfg = Debug|x64
		{575E02A0-8236-471D-AF56-9CB6D60B6C85}.Debug_dll|x64.Build.0 = Debug|x64
		{575E02A0-8236-471D-AF56-9CB6D60B6C85}.Debug|Any CPU.ActiveCfg = Debug|Win32
		{575E02A0-8236-471D-AF56-9CB6D60B6C85}.Debug|Mixed Platforms.ActiveCfg = Debug|Win32
		{575E02A0-8236-471D-AF56-9CB6D60B6C85}.Debug|Mixed Platforms.Build.0 = Debug|Win32
		{575E02A0-8236-471D-AF56-9CB6D60B6C85}.Debug|Win32.ActiveCfg = Debug|Win32
		{575E02A0-8236-471D-AF56-9CB6D60B6C85}.Debug|Win32.Build.0 = Debug|Win32
		{575E02A0-8236-471D-AF56-9CB6D60B6C85}.Debug|x64.ActiveCfg = Debug|x64
		{575E02A0-8236-471D-AF56-9CB6D60B6C85}.Debug|x64.Build.0 = Debug|x64
		{575E02A0-8236-471D-AF56-9CB6D60B6C85}.Release_dll|Any CPU.ActiveCfg = Release|x64
		{575E02A0-8236-471D-AF56-9CB6D60B6C85}.Release_dll|Mixed Platforms.ActiveCfg = Release|x64
		{575E02A0-8236-471D-AF56-9CB6D60B6C85}.Release_dll|Mixed Platforms.Build.0 = Release|x64
		{575E02A0-8236-471D-AF56-9CB6D60B6C85}.Release_dll|Win32.ActiveCfg = Release|x64
		{575E02A0-8236-471D-AF56-9CB6D60B6C85}.Release_dll|x64.ActiveCfg = Release|x64
		{575E02A0-8236-471D-AF56-9CB6D60B6C85}.Release_dll|x64.Build.0 = Release|x64
		{575E02A0-8236-471D-AF56-9CB6D60B6C85}.Release|Any CPU.ActiveCfg = Release|Win32
		{575E02A0-8236-471D-AF56-9CB6D60B6C85}.Release|Mixed Platforms.ActiveCfg = Release|Win32
		{575E02A0-8236-471D-AF56-9CB6D60B6C85}.Release|Mixed Platforms.Build.0 = Release|Win32
		{575E02A0-8236-471D-AF56-9CB6D60B6C85}.Release|Win32.ActiveCfg = Release|Win32
		{575E02A0-8236-471D-AF56-9CB6D60B6C85}.Release|Win32.Build.0 = Release|Win32
		{575E02A0-8236-471D-AF56-9CB6D60B6C85}.Release|x64.ActiveCfg = Release|x64
		{575E02A0-8236-471D-AF56-9CB6D60B6C85}.Release|x64.Build.0 = Release|x64
		{0BBABDEB-B72F-40D0-9203-82A99DB2639D}.Debug_dll|Any CPU.ActiveCfg = Debug|x64
		{0BBABDEB-B72F-40D0-9203-82A99DB2639D}.Debug_dll|Mixed Platforms.ActiveCfg = Debug|x64
		{0BBABDEB-B72F-40D0-9203-82A99DB2639D}.Debug_dll|Mixed Platforms.Build.0 = Debug|x64
		{0BBABDEB-B72F-40D0-9203-82A99DB2639D}.Debug_dll|Win32.ActiveCfg = Debug|x64
		{0BBABDEB-B72F-40D0-9203-82A99DB2639D}.Debug_dll|x64.ActiveCfg = Debug|x64
		{0BBABDEB-B72F-40D0-9203-82A99DB2639D}.Debug_dll|x64.Build.0 = Debug|x64
		{0BBABDEB-B72F-40D0-9203-82A99DB2639D}.Debug|Any CPU.ActiveCfg = Debug|Win32
		{0BBABDEB-B72F-40D0-9203-82A99DB2639D}.Debug|Mixed Platforms.ActiveCfg = Debug|Win32
		{0BBABDEB-B72F-40D0-9203-82A99DB2639D}.Debug|Mixed Platforms.Build.0 = Debug|Win32
		{0BBABDEB-B72F-40D0-9203-82A99DB2639D}.Debug|Win32.ActiveCfg = Debug|Win32
		{0BBABDEB-B72F-40D0-9203-82A99DB2639D}.Debug|Win32.Build.0 = Debug|Win32
		{0BBABDEB-B72F-40D0-9203-82A99DB2639D}.Debug|x64.ActiveCfg = Debug|x64
		{0BBABDEB-B72F-40D0-9203-82A99DB2639D}.Debug|x64.Build.0 = Debug|x64
		{0BBABDEB-B72F-40D0-9203-82A99DB2639D}.Release_dll|Any CPU.ActiveCfg = Release|x64
		{0BBABDEB-B72F-40D0-9203-82A99DB2639D}.Release_dll|Mixed Platforms.ActiveCfg = Release|x64
		{0BBABDEB-B72F-40D0-9203-82A99DB2639D}.Release_dll|Mixed Platforms.Build.0 = Release|x64
		{0BBABDEB-B72F-40D0-9203-82A99DB2639D}.Release_dll|Win32.ActiveCfg = Release|x64
		{0BBABDEB-B72F-40D0-9203-82A99DB2639D}.Release_dll|x64.ActiveCfg = Release|x64
		{0BBABDEB-B72F-40D0-9203-82A99DB2639D}.Release_dll|x64.Build.0 = Release|x64
		{0BBABDEB-B72F-40D0-9203-82A99DB2639D}.Release|Any CPU.ActiveCfg = Release|Win32
		{0BBABDEB-B72F-40D0-9203-82A99DB2639D}.Release|Mixed Platforms.ActiveCfg = Release|Win32
		{0BBABDEB-B72F-40D0-9203-82A99DB2639D}.Release|Mixed Platforms.Build.0 = Release|Win32
		{0BBABDEB-B72F-40D0-9203-82A99DB2639D}.Release|Win32.ActiveCfg = Release|Win32
		{0BBABDEB-B72F-40D0-9203-82A99DB2639D}.Release|Win32.Build.0 = Release|Win32
		{0BBABDEB-B72F-40D0-9203-82A99DB2639D}.Release|x64.ActiveCfg = Release|x64
		{0BBABDEB-B72F-40D0-9203-82A99DB2639D}.Release|x64.Build.0 = Release|x64
		{6D922987-9977-4F51-8D8E-45F4DE440725}.Debug_dll|Any CPU.ActiveCfg = Debug|x64
		{6D922987-9977-4F51-8D8E-45F4DE440725}.Debug_dll|Mixed Platforms.ActiveCfg = Debug|x64
		{6D922987-9977-4F51-8D8E-45F4DE440725}.Debug_dll|Mixed Platforms.Build.0 = Debug|x64
		{6D922987-9977-4F51-8D8E-45F4DE440725}.Debug_dll|Win32.ActiveCfg = Debug|x64
		{6D922987-9977-4F51-8D8E-45F4DE440725}.Debug_dll|x64.ActiveCfg = Debug|x64
		{6D922987-9977-4F51-8D8E-45F4DE440725}.Debug_dll|x64.Build.0 = Debug|x64
		{6D922987-9977-4F51-8D8E-45F4DE440725}.Debug|Any CPU.ActiveCfg = Debug|x64
		{6D922987-9977-4F51-8D8E-45F4DE440725}.Debug|Mixed Platforms.ActiveCfg = Debug|x64
		{6D922987-9977-4F51-8D8E-45F4DE440725}.Debug|Mixed Platforms.Build.0 = Debug|x64
		{6D922987-9977-4F51-8D8E-45F4DE440725}.Debug|Win32.ActiveCfg = Debug|Win32
		{6D922987-9977-4F51-8D8E-45F4DE440725}.Debug|Win32.Build.0 = Debug|Win32
		{6D922987-9977-4F51-8D8E-45F4DE440725}.Debug|x64.ActiveCfg = Debug|x64
		{6D922987-9977-4F51-8D8E-45F4DE440725}.Debug|x64.Build.0 = Debug|x64
		{6D922987-9977-4F51-8D8E-45F4DE440725}.Release_dll|Any CPU.ActiveCfg = Release|x64
		{6D922987-9977-4F51-8D8E-45F4DE440725}.Release_dll|Mixed Platforms.ActiveCfg = Release|x64
		{6D922987-9977-4F51-8D8E-45F4DE440725}.Release_dll|Mixed Platforms.Build.0 = Release|x64
		{6D922987-9977-4F51-8D8E-45F4DE440725}.Release_dll|Win32.ActiveCfg = Release|x64
		{6D922987-9977-4F51-8D8E-45F4DE440725}.Release_dll|x64.ActiveCfg = Release|x64
		{6D922987-9977-4F51-8D8E-45F4DE440725}.Release_dll|x64.Build.0 = Release|x64
		{6D922987-9977-4F51-8D8E-45F4DE440725}.Release|Any CPU.ActiveCfg = Release|x64
		{6D922987-9977-4F51-8D8E-45F4DE440725}.Release|Mixed Platforms.ActiveCfg = Release|x64
		{6D922987-9977-4F51-8D8E-45F4DE440725}.Release|Mixed Platforms.Build.0 = Release|x64
		{6D922987-9977-4F51-8D8E-45F4DE440725}.Release|Win32.ActiveCfg = Release|Win32
		{6D922987-9977-4F51-8D8E-45F4DE440725}.Release|Win32.Build.0 = Release|Win32
		{6D922987-9977-4F51-8D8E-45F4DE440725}.Release|x64.ActiveCfg = Release|x64
		{6D922987-9977-4F51-8D8E-45F4DE440725}.Release|x64.Build.0 = Release|x64
		{12F0E7CB-21B0-4121-A934-334CFD4425A5}.Debug_dll|Any CPU.ActiveCfg = Debug|Any CPU
		{12F0E7CB-21B0-4121-A934-334CFD4425A5}.Debug_dll|Any CPU.Build.0 = Debug|Any CPU
		{12F0E7CB-21B0-4121-A934-334CFD4425A5}.Debug_dll|Mixed Platforms.ActiveCfg = Debug|Any CPU
		{12F0E7CB-21B0-4121-A934-334CFD4425A5}.Debug_dll|Mixed Platforms.Build.0 = Debug|Any CPU
		{12F0E7CB-21B0-4121-A934-334CFD4425A5}.Debug_dll|Win32.ActiveCfg = Debug|Any CPU
		{12F0E7CB-21B0-4121-A934-334CFD4425A5}.Debug_dll|x64.ActiveCfg = Debug|Any CPU
		{12F0E7CB-21B0-4121-A934-334CFD4425A5}.Debug|Any CPU.ActiveCfg = Debug|Any CPU
		{12F0E7CB-21B0-4121-A934-334CFD4425A5}.Debug|Any CPU.Build.0 = Debug|Any CPU
		{12F0E7CB-21B0-4121-A934-334CFD4425A5}.Debug|Mixed Platforms.ActiveCfg = Debug|Any CPU
		{12F0E7CB-21B0-4121-A934-334CFD4425A5}.Debug|Mixed Platforms.Build.0 = Debug|Any CPU
		{12F0E7CB-21B0-4121-A934-334CFD4425A5}.Debug|Win32.ActiveCfg = Debug|Any CPU
		{12F0E7CB-21B0-4121-A934-334CFD4425A5}.Debug|x64.ActiveCfg = Debug|Any CPU
		{12F0E7CB-21B0-4121-A934-334CFD4425A5}.Debug|x64.Build.0 = Debug|Any CPU
		{12F0E7CB-21B0-4121-A934-334CFD4425A5}.Release_dll|Any CPU.ActiveCfg = Release|Any CPU
		{12F0E7CB-21B0-4121-A934-334CFD4425A5}.Release_dll|Any CPU.Build.0 = Release|Any CPU
		{12F0E7CB-21B0-4121-A934-334CFD4425A5}.Release_dll|Mixed Platforms.ActiveCfg = Release|Any CPU
		{12F0E7CB-21B0-4121-A934-334CFD4425A5}.Release_dll|Mixed Platforms.Build.0 = Release|Any CPU
		{12F0E7CB-21B0-4121-A934-334CFD4425A5}.Release_dll|Win32.ActiveCfg = Release|Any CPU
		{12F0E7CB-21B0-4121-A934-334CFD4425A5}.Release_dll|x64.ActiveCfg = Release|Any CPU
		{12F0E7CB-21B0-4121-A934-334CFD4425A5}.Release|Any CPU.ActiveCfg = Release|Any CPU
		{12F0E7CB-21B0-4121-A934-334CFD4425A5}.Release|Any CPU.Build.0 = Release|Any CPU
		{12F0E7CB-21B0-4121-A934-334CFD4425A5}.Release|Mixed Platforms.ActiveCfg = Release|Any CPU
		{12F0E7CB-21B0-4121-A934-334CFD4425A5}.Release|Mixed Platforms.Build.0 = Release|Any CPU
		{12F0E7CB-21B0-4121-A934-334CFD4425A5}.Release|Win32.ActiveCfg = Release|Any CPU
		{12F0E7CB-21B0-4121-A934-334CFD4425A5}.Release|Win32.Build.0 = Release|Any CPU
		{12F0E7CB-21B0-4121-A934-334CFD4425A5}.Release|x64.ActiveCfg = Release|Any CPU
		{12F0E7CB-21B0-4121-A934-334CFD4425A5}.Release|x64.Build.0 = Release|Any CPU
		{62F31A5C-C77A-4B60-BF19-AF1875E0EE0E}.Debug_dll|Any CPU.ActiveCfg = Debug|x64
		{62F31A5C-C77A-4B60-BF19-AF1875E0EE0E}.Debug_dll|Mixed Platforms.ActiveCfg = Debug|x64
		{62F31A5C-C77A-4B60-BF19-AF1875E0EE0E}.Debug_dll|Mixed Platforms.Build.0 = Debug|x64
		{62F31A5C-C77A-4B60-BF19-AF1875E0EE0E}.Debug_dll|Win32.ActiveCfg = Debug|x64
		{62F31A5C-C77A-4B60-BF19-AF1875E0EE0E}.Debug_dll|x64.ActiveCfg = Debug|x64
		{62F31A5C-C77A-4B60-BF19-AF1875E0EE0E}.Debug_dll|x64.Build.0 = Debug|x64
		{62F31A5C-C77A-4B60-BF19-AF1875E0EE0E}.Debug|Any CPU.ActiveCfg = Debug|Win32
		{62F31A5C-C77A-4B60-BF19-AF1875E0EE0E}.Debug|Mixed Platforms.ActiveCfg = Debug|Win32
		{62F31A5C-C77A-4B60-BF19-AF1875E0EE0E}.Debug|Mixed Platforms.Build.0 = Debug|Win32
		{62F31A5C-C77A-4B60-BF19-AF1875E0EE0E}.Debug|Win32.ActiveCfg = Debug|Win32
		{62F31A5C-C77A-4B60-BF19-AF1875E0EE0E}.Debug|Win32.Build.0 = Debug|Win32
		{62F31A5C-C77A-4B60-BF19-AF1875E0EE0E}.Debug|x64.ActiveCfg = Debug|x64
		{62F31A5C-C77A-4B60-BF19-AF1875E0EE0E}.Debug|x64.Build.0 = Debug|x64
		{62F31A5C-C77A-4B60-BF19-AF1875E0EE0E}.Release_dll|Any CPU.ActiveCfg = Release|x64
		{62F31A5C-C77A-4B60-BF19-AF1875E0EE0E}.Release_dll|Mixed Platforms.ActiveCfg = Release|x64
		{62F31A5C-C77A-4B60-BF19-AF1875E0EE0E}.Release_dll|Mixed Platforms.Build.0 = Release|x64
		{62F31A5C-C77A-4B60-BF19-AF1875E0EE0E}.Release_dll|Win32.ActiveCfg = Release|x64
		{62F31A5C-C77A-4B60-BF19-AF1875E0EE0E}.Release_dll|x64.ActiveCfg = Release|x64
		{62F31A5C-C77A-4B60-BF19-AF1875E0EE0E}.Release_dll|x64.Build.0 = Release|x64
		{62F31A5C-C77A-4B60-BF19-AF1875E0EE0E}.Release|Any CPU.ActiveCfg = Release|Win32
		{62F31A5C-C77A-4B60-BF19-AF1875E0EE0E}.Release|Mixed Platforms.ActiveCfg = Release|Win32
		{62F31A5C-C77A-4B60-BF19-AF1875E0EE0E}.Release|Mixed Platforms.Build.0 = Release|Win32
		{62F31A5C-C77A-4B60-BF19-AF1875E0EE0E}.Release|Win32.ActiveCfg = Release|Win32
		{62F31A5C-C77A-4B60-BF19-AF1875E0EE0E}.Release|Win32.Build.0 = Release|Win32
		{62F31A5C-C77A-4B60-BF19-AF1875E0EE0E}.Release|x64.ActiveCfg = Release|x64
		{62F31A5C-C77A-4B60-BF19-AF1875E0EE0E}.Release|x64.Build.0 = Release|x64
		{8AEFACCA-A663-44F9-A0B5-ED24A7989A79}.Debug_dll|Any CPU.ActiveCfg = Debug|x64
		{8AEFACCA-A663-44F9-A0B5-ED24A7989A79}.Debug_dll|Mixed Platforms.ActiveCfg = Debug|x64
		{8AEFACCA-A663-44F9-A0B5-ED24A7989A79}.Debug_dll|Mixed Platforms.Build.0 = Debug|x64
		{8AEFACCA-A663-44F9-A0B5-ED24A7989A79}.Debug_dll|Win32.ActiveCfg = Debug|x64
		{8AEFACCA-A663-44F9-A0B5-ED24A7989A79}.Debug_dll|x64.ActiveCfg = Debug|x64
		{8AEFACCA-A663-44F9-A0B5-ED24A7989A79}.Debug_dll|x64.Build.0 = Debug|x64
		{8AEFACCA-A663-44F9-A0B5-ED24A7989A79}.Debug|Any CPU.ActiveCfg = Debug|Win32
		{8AEFACCA-A663-44F9-A0B5-ED24A7989A79}.Debug|Mixed Platforms.ActiveCfg = Debug|Win32
		{8AEFACCA-A663-44F9-A0B5-ED24A7989A79}.Debug|Mixed Platforms.Build.0 = Debug|Win32
		{8AEFACCA-A663-44F9-A0B5-ED24A7989A79}.Debug|Win32.ActiveCfg = Debug|Win32
		{8AEFACCA-A663-44F9-A0B5-ED24A7989A79}.Debug|Win32.Build.0 = Debug|Win32
		{8AEFACCA-A663-44F9-A0B5-ED24A7989A79}.Debug|x64.ActiveCfg = Debug|x64
		{8AEFACCA-A663-44F9-A0B5-ED24A7989A79}.Debug|x64.Build.0 = Debug|x64
		{8AEFACCA-A663-44F9-A0B5-ED24A7989A79}.Release_dll|Any CPU.ActiveCfg = Release|x64
		{8AEFACCA-A663-44F9-A0B5-ED24A7989A79}.Release_dll|Mixed Platforms.ActiveCfg = Release|x64
		{8AEFACCA-A663-44F9-A0B5-ED24A7989A79}.Release_dll|Mixed Platforms.Build.0 = Release|x64
		{8AEFACCA-A663-44F9-A0B5-ED24A7989A79}.Release_dll|Win32.ActiveCfg = Release|x64
		{8AEFACCA-A663-44F9-A0B5-ED24A7989A79}.Release_dll|x64.ActiveCfg = Release|x64
		{8AEFACCA-A663-44F9-A0B5-ED24A7989A79}.Release_dll|x64.Build.0 = Release|x64
		{8AEFACCA-A663-44F9-A0B5-ED24A7989A79}.Release|Any CPU.ActiveCfg = Release|Win32
		{8AEFACCA-A663-44F9-A0B5-ED24A7989A79}.Release|Mixed Platforms.ActiveCfg = Release|Win32
		{8AEFACCA-A663-44F9-A0B5-ED24A7989A79}.Release|Mixed Platforms.Build.0 = Release|Win32
		{8AEFACCA-A663-44F9-A0B5-ED24A7989A79}.Release|Win32.ActiveCfg = Release|Win32
		{8AEFACCA-A663-44F9-A0B5-ED24A7989A79}.Release|Win32.Build.0 = Release|Win32
		{8AEFACCA-A663-44F9-A0B5-ED24A7989A79}.Release|x64.ActiveCfg = Release|x64
		{8AEFACCA-A663-44F9-A0B5-ED24A7989A79}.Release|x64.Build.0 = Release|x64
		{ECEBE891-D8AC-47ED-A9FA-5A62C385012C}.Debug_dll|Any CPU.ActiveCfg = Debug|x64
		{ECEBE891-D8AC-47ED-A9FA-5A62C385012C}.Debug_dll|Mixed Platforms.ActiveCfg = Debug|x64
		{ECEBE891-D8AC-47ED-A9FA-5A62C385012C}.Debug_dll|Mixed Platforms.Build.0 = Debug|x64
		{ECEBE891-D8AC-47ED-A9FA-5A62C385012C}.Debug_dll|Win32.ActiveCfg = Debug|x64
		{ECEBE891-D8AC-47ED-A9FA-5A62C385012C}.Debug_dll|x64.ActiveCfg = Debug|x64
		{ECEBE891-D8AC-47ED-A9FA-5A62C385012C}.Debug_dll|x64.Build.0 = Debug|x64
		{ECEBE891-D8AC-47ED-A9FA-5A62C385012C}.Debug|Any CPU.ActiveCfg = Debug|x64
		{ECEBE891-D8AC-47ED-A9FA-5A62C385012C}.Debug|Mixed Platforms.ActiveCfg = Debug|x64
		{ECEBE891-D8AC-47ED-A9FA-5A62C385012C}.Debug|Mixed Platforms.Build.0 = Debug|x64
		{ECEBE891-D8AC-47ED-A9FA-5A62C385012C}.Debug|Win32.ActiveCfg = Debug|Win32
		{ECEBE891-D8AC-47ED-A9FA-5A62C385012C}.Debug|Win32.Build.0 = Debug|Win32
		{ECEBE891-D8AC-47ED-A9FA-5A62C385012C}.Debug|x64.ActiveCfg = Debug|x64
		{ECEBE891-D8AC-47ED-A9FA-5A62C385012C}.Debug|x64.Build.0 = Debug|x64
		{ECEBE891-D8AC-47ED-A9FA-5A62C385012C}.Release_dll|Any CPU.ActiveCfg = Release|x64
		{ECEBE891-D8AC-47ED-A9FA-5A62C385012C}.Release_dll|Mixed Platforms.ActiveCfg = Release|x64
		{ECEBE891-D8AC-47ED-A9FA-5A62C385012C}.Release_dll|Mixed Platforms.Build.0 = Release|x64
		{ECEBE891-D8AC-47ED-A9FA-5A62C385012C}.Release_dll|Win32.ActiveCfg = Release|x64
		{ECEBE891-D8AC-47ED-A9FA-5A62C385012C}.Release_dll|x64.ActiveCfg = Release|x64
		{ECEBE891-D8AC-47ED-A9FA-5A62C385012C}.Release_dll|x64.Build.0 = Release|x64
		{ECEBE891-D8AC-47ED-A9FA-5A62C385012C}.Release|Any CPU.ActiveCfg = Release|x64
		{ECEBE891-D8AC-47ED-A9FA-5A62C385012C}.Release|Mixed Platforms.ActiveCfg = Release|x64
		{ECEBE891-D8AC-47ED-A9FA-5A62C385012C}.Release|Mixed Platforms.Build.0 = Release|x64
		{ECEBE891-D8AC-47ED-A9FA-5A62C385012C}.Release|Win32.ActiveCfg = Release|Win32
		{ECEBE891-D8AC-47ED-A9FA-5A62C385012C}.Release|Win32.Build.0 = Release|Win32
		{ECEBE891-D8AC-47ED-A9FA-5A62C385012C}.Release|x64.ActiveCfg = Release|x64
		{ECEBE891-D8AC-47ED-A9FA-5A62C385012C}.Release|x64.Build.0 = Release|x64
		{B2584669-D88A-4BC7-B638-C6937AFC823F}.Debug_dll|Any CPU.ActiveCfg = Debug|x64
		{B2584669-D88A-4BC7-B638-C6937AFC823F}.Debug_dll|Mixed Platforms.ActiveCfg = Debug|x64
		{B2584669-D88A-4BC7-B638-C6937AFC823F}.Debug_dll|Mixed Platforms.Build.0 = Debug|x64
		{B2584669-D88A-4BC7-B638-C6937AFC823F}.Debug_dll|Win32.ActiveCfg = Debug|x64
		{B2584669-D88A-4BC7-B638-C6937AFC823F}.Debug_dll|x64.ActiveCfg = Debug|x64
		{B2584669-D88A-4BC7-B638-C6937AFC823F}.Debug_dll|x64.Build.0 = Debug|x64
		{B2584669-D88A-4BC7-B638-C6937AFC823F}.Debug|Any CPU.ActiveCfg = Debug|x64
		{B2584669-D88A-4BC7-B638-C6937AFC823F}.Debug|Mixed Platforms.ActiveCfg = Debug|x64
		{B2584669-D88A-4BC7-B638-C6937AFC823F}.Debug|Mixed Platforms.Build.0 = Debug|x64
		{B2584669-D88A-4BC7-B638-C6937AFC823F}.Debug|Win32.ActiveCfg = Debug|Win32
		{B2584669-D88A-4BC7-B638-C6937AFC823F}.Debug|Win32.Build.0 = Debug|Win32
		{B2584669-D88A-4BC7-B638-C6937AFC823F}.Debug|x64.ActiveCfg = Debug|x64
		{B2584669-D88A-4BC7-B638-C6937AFC823F}.Debug|x64.Build.0 = Debug|x64
		{B2584669-D88A-4BC7-B638-C6937AFC823F}.Release_dll|Any CPU.ActiveCfg = Release|x64
		{B2584669-D88A-4BC7-B638-C6937AFC823F}.Release_dll|Mixed Platforms.ActiveCfg = Release|x64
		{B2584669-D88A-4BC7-B638-C6937AFC823F}.Release_dll|Mixed Platforms.Build.0 = Release|x64
		{B2584669-D88A-4BC7-B638-C6937AFC823F}.Release_dll|Win32.ActiveCfg = Release|x64
		{B2584669-D88A-4BC7-B638-C6937AFC823F}.Release_dll|x64.ActiveCfg = Release|x64
		{B2584669-D88A-4BC7-B638-C6937AFC823F}.Release_dll|x64.Build.0 = Release|x64
		{B2584669-D88A-4BC7-B638-C6937AFC823F}.Release|Any CPU.ActiveCfg = Release|x64
		{B2584669-D88A-4BC7-B638-C6937AFC823F}.Release|Mixed Platforms.ActiveCfg = Release|x64
		{B2584669-D88A-4BC7-B638-C6937AFC823F}.Release|Mixed Platforms.Build.0 = Release|x64
		{B2584669-D88A-4BC7-B638-C6937AFC823F}.Release|Win32.ActiveCfg = Release|Win32
		{B2584669-D88A-4BC7-B638-C6937AFC823F}.Release|Win32.Build.0 = Release|Win32
		{B2584669-D88A-4BC7-B638-C6937AFC823F}.Release|x64.ActiveCfg = Release|x64
		{B2584669-D88A-4BC7-B638-C6937AFC823F}.Release|x64.Build.0 = Release|x64
		{53609BB3-D874-465C-AF7B-DF626DB0D89B}.Debug_dll|Any CPU.ActiveCfg = Debug_dll|x64
		{53609BB3-D874-465C-AF7B-DF626DB0D89B}.Debug_dll|Mixed Platforms.ActiveCfg = Debug_dll|x64
		{53609BB3-D874-465C-AF7B-DF626DB0D89B}.Debug_dll|Mixed Platforms.Build.0 = Debug_dll|x64
		{53609BB3-D874-465C-AF7B-DF626DB0D89B}.Debug_dll|Win32.ActiveCfg = Debug_dll|Win32
		{53609BB3-D874-465C-AF7B-DF626DB0D89B}.Debug_dll|Win32.Build.0 = Debug_dll|Win32
		{53609BB3-D874-465C-AF7B-DF626DB0D89B}.Debug_dll|x64.ActiveCfg = Debug_dll|x64
		{53609BB3-D874-465C-AF7B-DF626DB0D89B}.Debug_dll|x64.Build.0 = Debug_dll|x64
		{53609BB3-D874-465C-AF7B-DF626DB0D89B}.Debug|Any CPU.ActiveCfg = Debug|x64
		{53609BB3-D874-465C-AF7B-DF626DB0D89B}.Debug|Mixed Platforms.ActiveCfg = Debug|x64
		{53609BB3-D874-465C-AF7B-DF626DB0D89B}.Debug|Mixed Platforms.Build.0 = Debug|x64
		{53609BB3-D874-465C-AF7B-DF626DB0D89B}.Debug|Win32.ActiveCfg = Debug|Win32
		{53609BB3-D874-465C-AF7B-DF626DB0D89B}.Debug|Win32.Build.0 = Debug|Win32
		{53609BB3-D874-465C-AF7B-DF626DB0D89B}.Debug|x64.ActiveCfg = Debug|x64
		{53609BB3-D874-465C-AF7B-DF626DB0D89B}.Debug|x64.Build.0 = Debug|x64
		{53609BB3-D874-465C-AF7B-DF626DB0D89B}.Release_dll|Any CPU.ActiveCfg = Release_dll|x64
		{53609BB3-D874-465C-AF7B-DF626DB0D89B}.Release_dll|Mixed Platforms.ActiveCfg = Release_dll|x64
		{53609BB3-D874-465C-AF7B-DF626DB0D89B}.Release_dll|Mixed Platforms.Build.0 = Release_dll|x64
		{53609BB3-D874-465C-AF7B-DF626DB0D89B}.Release_dll|Win32.ActiveCfg = Release_dll|Win32
		{53609BB3-D874-465C-AF7B-DF626DB0D89B}.Release_dll|Win32.Build.0 = Release_dll|Win32
		{53609BB3-D874-465C-AF7B-DF626DB0D89B}.Release_dll|x64.ActiveCfg = Release_dll|x64
		{53609BB3-D874-465C-AF7B-DF626DB0D89B}.Release_dll|x64.Build.0 = Release_dll|x64
		{53609BB3-D874-465C-AF7B-DF626DB0D89B}.Release|Any CPU.ActiveCfg = Release|x64
		{53609BB3-D874-465C-AF7B-DF626DB0D89B}.Release|Mixed Platforms.ActiveCfg = Release|x64
		{53609BB3-D874-465C-AF7B-DF626DB0D89B}.Release|Mixed Platforms.Build.0 = Release|x64
		{53609BB3-D874-465C-AF7B-DF626DB0D89B}.Release|Win32.ActiveCfg = Release|Win32
		{53609BB3-D874-465C-AF7B-DF626DB0D89B}.Release|Win32.Build.0 = Release|Win32
		{53609BB3-D874-465C-AF7B-DF626DB0D89B}.Release|x64.ActiveCfg = Release|x64
		{53609BB3-D874-465C-AF7B-DF626DB0D89B}.Release|x64.Build.0 = Release|x64
		{E2B3FCD4-42F8-461C-AB7F-3AAB48A8AEF1}.Debug_dll|Any CPU.ActiveCfg = Debug|x64
		{E2B3FCD4-42F8-461C-AB7F-3AAB48A8AEF1}.Debug_dll|Mixed Platforms.ActiveCfg = Debug|x64
		{E2B3FCD4-42F8-461C-AB7F-3AAB48A8AEF1}.Debug_dll|Mixed Platforms.Build.0 = Debug|x64
		{E2B3FCD4-42F8-461C-AB7F-3AAB48A8AEF1}.Debug_dll|Win32.ActiveCfg = Debug|x64
		{E2B3FCD4-42F8-461C-AB7F-3AAB48A8AEF1}.Debug_dll|x64.ActiveCfg = Debug|x64
		{E2B3FCD4-42F8-461C-AB7F-3AAB48A8AEF1}.Debug_dll|x64.Build.0 = Debug|x64
		{E2B3FCD4-42F8-461C-AB7F-3AAB48A8AEF1}.Debug|Any CPU.ActiveCfg = Debug|x64
		{E2B3FCD4-42F8-461C-AB7F-3AAB48A8AEF1}.Debug|Mixed Platforms.ActiveCfg = Debug|x64
		{E2B3FCD4-42F8-461C-AB7F-3AAB48A8AEF1}.Debug|Mixed Platforms.Build.0 = Debug|x64
		{E2B3FCD4-42F8-461C-AB7F-3AAB48A8AEF1}.Debug|Win32.ActiveCfg = Debug|Win32
		{E2B3FCD4-42F8-461C-AB7F-3AAB48A8AEF1}.Debug|Win32.Build.0 = Debug|Win32
		{E2B3FCD4-42F8-461C-AB7F-3AAB48A8AEF1}.Debug|x64.ActiveCfg = Debug|x64
		{E2B3FCD4-42F8-461C-AB7F-3AAB48A8AEF1}.Debug|x64.Build.0 = Debug|x64
		{E2B3FCD4-42F8-461C-AB7F-3AAB48A8AEF1}.Release_dll|Any CPU.ActiveCfg = Release|x64
		{E2B3FCD4-42F8-461C-AB7F-3AAB48A8AEF1}.Release_dll|Mixed Platforms.ActiveCfg = Release|x64
		{E2B3FCD4-42F8-461C-AB7F-3AAB48A8AEF1}.Release_dll|Mixed Platforms.Build.0 = Release|x64
		{E2B3FCD4-42F8-461C-AB7F-3AAB48A8AEF1}.Release_dll|Win32.ActiveCfg = Release|x64
		{E2B3FCD4-42F8-461C-AB7F-3AAB48A8AEF1}.Release_dll|x64.ActiveCfg = Release|x64
		{E2B3FCD4-42F8-461C-AB7F-3AAB48A8AEF1}.Release_dll|x64.Build.0 = Release|x64
		{E2B3FCD4-42F8-461C-AB7F-3AAB48A8AEF1}.Release|Any CPU.ActiveCfg = Release|x64
		{E2B3FCD4-42F8-461C-AB7F-3AAB48A8AEF1}.Release|Mixed Platforms.ActiveCfg = Release|x64
		{E2B3FCD4-42F8-461C-AB7F-3AAB48A8AEF1}.Release|Mixed Platforms.Build.0 = Release|x64
		{E2B3FCD4-42F8-461C-AB7F-3AAB48A8AEF1}.Release|Win32.ActiveCfg = Release|Win32
		{E2B3FCD4-42F8-461C-AB7F-3AAB48A8AEF1}.Release|Win32.Build.0 = Release|Win32
		{E2B3FCD4-42F8-461C-AB7F-3AAB48A8AEF1}.Release|x64.ActiveCfg = Release|x64
		{E2B3FCD4-42F8-461C-AB7F-3AAB48A8AEF1}.Release|x64.Build.0 = Release|x64
	EndGlobalSection
	GlobalSection(SolutionProperties) = preSolution
		HideSolutionNode = FALSE
	EndGlobalSection
	GlobalSection(NestedProjects) = preSolution
		{A5AF52BA-AEA5-4D62-8DED-73216D23FE31} = {29EBF771-2A7F-4467-9304-491CC07D090F}
		{62F31A5C-C77A-4B60-BF19-AF1875E0EE0E} = {29EBF771-2A7F-4467-9304-491CC07D090F}
		{8AEFACCA-A663-44F9-A0B5-ED24A7989A79} = {29EBF771-2A7F-4467-9304-491CC07D090F}
		{A12A02AF-F3F9-4CDF-851F-9555406C087E} = {425A18D0-42BF-4FB1-80BE-53BE3C9BF4CB}
		{4049BA5E-E06B-48B2-A45C-3B4129DB1E4E} = {425A18D0-42BF-4FB1-80BE-53BE3C9BF4CB}
		{63C6BFAB-6A98-4C30-ABFE-86E4D7756C0C} = {425A18D0-42BF-4FB1-80BE-53BE3C9BF4CB}
		{D8D1A3C8-C327-4976-B9F2-DC3DCD1719F3} = {425A18D0-42BF-4FB1-80BE-53BE3C9BF4CB}
		{575E02A0-8236-471D-AF56-9CB6D60B6C84} = {425A18D0-42BF-4FB1-80BE-53BE3C9BF4CB}
		{6EA86154-8C37-4869-A2BA-08E1D6BF09EB} = {425A18D0-42BF-4FB1-80BE-53BE3C9BF4CB}
		{575E02A0-8236-471D-AF56-9CB6D60B6C85} = {425A18D0-42BF-4FB1-80BE-53BE3C9BF4CB}
		{0BBABDEB-B72F-40D0-9203-82A99DB2639D} = {425A18D0-42BF-4FB1-80BE-53BE3C9BF4CB}
		{6D922987-9977-4F51-8D8E-45F4DE440725} = {425A18D0-42BF-4FB1-80BE-53BE3C9BF4CB}
		{E2B3FCD4-42F8-461C-AB7F-3AAB48A8AEF1} = {425A18D0-42BF-4FB1-80BE-53BE3C9BF4CB}
		{21FC3D4F-8918-4C03-8881-EC6C54DB3504} = {FB2409AD-88BA-45B6-8219-89697F084B91}
		{E57C7D8A-31EC-4839-BBB1-91D54A0BEF3C} = {FB2409AD-88BA-45B6-8219-89697F084B91}
		{1610A612-3EC5-4FA8-8559-A7FE48802057} = {FB2409AD-88BA-45B6-8219-89697F084B91}
		{684B2F15-E8EE-4032-B4A3-89732F32C12D} = {FB2409AD-88BA-45B6-8219-89697F084B91}
		{5B57BD35-F14C-41AA-811C-5739873DEE7B} = {D7AAEFEC-FE87-412F-8C3F-82BFD3721D1C}
		{12F0E7CB-21B0-4121-A934-334CFD4425A5} = {D7AAEFEC-FE87-412F-8C3F-82BFD3721D1C}
		{ECEBE891-D8AC-47ED-A9FA-5A62C385012C} = {8D2815C3-3969-4BF6-B38C-A290BAE0D291}
		{B2584669-D88A-4BC7-B638-C6937AFC823F} = {8D2815C3-3969-4BF6-B38C-A290BAE0D291}
		{53609BB3-D874-465C-AF7B-DF626DB0D89B} = {8D2815C3-3969-4BF6-B38C-A290BAE0D291}
	EndGlobalSection
	GlobalSection(DPCodeReviewSolutionGUID) = preSolution
		DPCodeReviewSolutionGUID = {00000000-0000-0000-0000-000000000000}
	EndGlobalSection
EndGlobal
