<?xml version="1.0" encoding="utf-8"?>
<Project ToolsVersion="4.0" xmlns="http://schemas.microsoft.com/developer/msbuild/2003">
  <ItemGroup>
    <ClCompile Include="CIN-Defaults.cpp">
      <Filter>Source Files</Filter>
    </ClCompile>
    <ClCompile Include="OVIMGenericSQ.cpp">
      <Filter>Source Files</Filter>
    </ClCompile>
    <ClCompile Include="OVOFReverseLookupSQ.cpp">
      <Filter>Source Files</Filter>
    </ClCompile>
    <ClCompile Include="..\SharedLibrary\OVCandidateList.cpp">
      <Filter>Source Files</Filter>
    </ClCompile>
    <ClCompile Include="..\SharedLibrary\OVFileHandler.cpp">
      <Filter>Source Files</Filter>
    </ClCompile>
    <ClCompile Include="..\SharedLibrary\OVStringToolKit.cpp">
      <Filter>Source Files</Filter>
    </ClCompile>
    <ClCompile Include="..\SharedLibrary\OVCINSQ.cpp">
      <Filter>Source Files</Filter>
    </ClCompile>
    <ClCompile Include="..\SharedLibrary\OVCINSQInfo.cpp">
      <Filter>Source Files</Filter>
    </ClCompile>
  </ItemGroup>
  <ItemGroup>
    <ClInclude Include="CIN-Defaults.h">
      <Filter>Header Files</Filter>
    </ClInclude>
    <ClInclude Include="OVIMGenericSQ.h">
      <Filter>Header Files</Filter>
    </ClInclude>
    <ClInclude Include="OVOFReverseLookupSQ.h">
      <Filter>Header Files</Filter>
    </ClInclude>
  </ItemGroup>
  <ItemGroup>
    <Filter Include="Source Files">
      <UniqueIdentifier>{3edf137c-9472-4982-8208-759c0ee30fbc}</UniqueIdentifier>
    </Filter>
    <Filter Include="Header Files">
      <UniqueIdentifier>{9bc505f9-57e4-4fbf-b69f-a61c03f94070}</UniqueIdentifier>
    </Filter>
  </ItemGroup>
</Project>