<?xml version="1.0" encoding="utf-8"?>
<Project ToolsVersion="4.0" xmlns="http://schemas.microsoft.com/developer/msbuild/2003">
  <ItemGroup>
    <ClCompile Include="AVBuffer.cpp">
      <Filter>Source Files</Filter>
    </ClCompile>
    <ClCompile Include="AVCandidate.cpp">
      <Filter>Source Files</Filter>
    </ClCompile>
    <ClCompile Include="AVConfig.cpp">
      <Filter>Source Files</Filter>
    </ClCompile>
    <ClCompile Include="AVDictionary.cpp">
      <Filter>Source Files</Filter>
    </ClCompile>
    <ClCompile Include="AVEmbeddedLoader.cpp">
      <Filter>Source Files</Filter>
    </ClCompile>
    <ClCompile Include="AVLoaderUtility.cpp">
      <Filter>Source Files</Filter>
    </ClCompile>
    <ClCompile Include="AVService.cpp">
      <Filter>Source Files</Filter>
    </ClCompile>
    <ClCompile Include="DummyDisplayServer.cpp">
      <Filter>Source Files</Filter>
    </ClCompile>
    <ClCompile Include="AVLoader.cpp">
      <Filter>Source Files</Filter>
    </ClCompile>
  </ItemGroup>
  <ItemGroup>
    <ClInclude Include="AVBuffer.h">
      <Filter>Header Files</Filter>
    </ClInclude>
    <ClInclude Include="..\..\..\dependencies\ltdl.h">
      <Filter>Header Files</Filter>
    </ClInclude>
    <ClInclude Include="AVCandidate.h">
      <Filter>Header Files</Filter>
    </ClInclude>
    <ClInclude Include="AVConfig.h">
      <Filter>Header Files</Filter>
    </ClInclude>
    <ClInclude Include="AVDictionary.h">
      <Filter>Header Files</Filter>
    </ClInclude>
    <ClInclude Include="AVDisplayServer.h">
      <Filter>Header Files</Filter>
    </ClInclude>
    <ClInclude Include="AVEmbeddedLoader.h">
      <Filter>Header Files</Filter>
    </ClInclude>
    <ClInclude Include="AVKeyCode.h">
      <Filter>Header Files</Filter>
    </ClInclude>
    <ClInclude Include="AVLoader.h">
      <Filter>Header Files</Filter>
    </ClInclude>
    <ClInclude Include="AVLoaderUtility.h">
      <Filter>Header Files</Filter>
    </ClInclude>
    <ClInclude Include="AVService.h">
      <Filter>Header Files</Filter>
    </ClInclude>
    <ClInclude Include="DummyDisplayServer.h">
      <Filter>Header Files</Filter>
    </ClInclude>
  </ItemGroup>
  <ItemGroup>
    <Filter Include="Source Files">
      <UniqueIdentifier>{48f0787b-ef9e-4648-b000-3314ec7980f4}</UniqueIdentifier>
    </Filter>
    <Filter Include="Header Files">
      <UniqueIdentifier>{45f8569e-5069-43c5-974e-c68818e7115b}</UniqueIdentifier>
    </Filter>
  </ItemGroup>
</Project>